// !$*UTF8*$!
{
	archiveVersion = 1;
	classes = {
	};
	objectVersion = 56;
	objects = {

/* Begin PBXBuildFile section */
		B946E82F2C7CDB660047A16B /* User.swift in Sources */ = {isa = PBXBuildFile; fileRef = B946E82E2C7CDB660047A16B /* User.swift */; };
		B946E8312C7CE0C00047A16B /* Font+Extension.swift in Sources */ = {isa = PBXBuildFile; fileRef = B946E8302C7CE0C00047A16B /* Font+Extension.swift */; };
		B946E8332C7CE22E0047A16B /* QuestionViewModel.swift in Sources */ = {isa = PBXBuildFile; fileRef = B946E8322C7CE22E0047A16B /* QuestionViewModel.swift */; };
		B946E8362C7CEA8D0047A16B /* FillButton.swift in Sources */ = {isa = PBXBuildFile; fileRef = B946E8352C7CEA8D0047A16B /* FillButton.swift */; };
		B946E8382C7D97AD0047A16B /* MainViewModel.swift in Sources */ = {isa = PBXBuildFile; fileRef = B946E8372C7D97AD0047A16B /* MainViewModel.swift */; };
		E76138722C5733110024E4BC /* SplashView.swift in Sources */ = {isa = PBXBuildFile; fileRef = E76138712C5733110024E4BC /* SplashView.swift */; };
		E76138742C5734F70024E4BC /* SplashSun.json in Resources */ = {isa = PBXBuildFile; fileRef = E76138732C5734F70024E4BC /* SplashSun.json */; };
		E76A4C632C64567A00AFCD80 /* QuestionView.swift in Sources */ = {isa = PBXBuildFile; fileRef = E76A4C622C64567900AFCD80 /* QuestionView.swift */; };
		E76A4C652C645FC300AFCD80 /* Color+Extension.swift in Sources */ = {isa = PBXBuildFile; fileRef = E76A4C642C645FC300AFCD80 /* Color+Extension.swift */; };
		E79ABF8F2C72E48F004744B3 /* CameraLens.swift in Sources */ = {isa = PBXBuildFile; fileRef = E79ABF8E2C72E48F004744B3 /* CameraLens.swift */; };
		E79FE7D22C6ACECE002D2FD9 /* RadioButton.swift in Sources */ = {isa = PBXBuildFile; fileRef = E79FE7D12C6ACECE002D2FD9 /* RadioButton.swift */; };
		E79FE7D62C6AD57A002D2FD9 /* NextBackButton.swift in Sources */ = {isa = PBXBuildFile; fileRef = E79FE7D52C6AD57A002D2FD9 /* NextBackButton.swift */; };
		E7A9CDBC2C76D05600D04B07 /* ResultScreen.swift in Sources */ = {isa = PBXBuildFile; fileRef = E7A9CDBB2C76D05600D04B07 /* ResultScreen.swift */; };
		E7A9CDBE2C76D16F00D04B07 /* SkinProblemClassifier.mlmodel in Sources */ = {isa = PBXBuildFile; fileRef = E7A9CDBD2C76D16F00D04B07 /* SkinProblemClassifier.mlmodel */; };
		E7B27C302C69842A002C4B26 /* Question1View.swift in Sources */ = {isa = PBXBuildFile; fileRef = E7B27C2F2C69842A002C4B26 /* Question1View.swift */; };
		E7B27C322C698449002C4B26 /* Question2View.swift in Sources */ = {isa = PBXBuildFile; fileRef = E7B27C312C698449002C4B26 /* Question2View.swift */; };
		E7B27C342C698475002C4B26 /* Question3View.swift in Sources */ = {isa = PBXBuildFile; fileRef = E7B27C332C698475002C4B26 /* Question3View.swift */; };
		E7B27C362C698489002C4B26 /* Question4View.swift in Sources */ = {isa = PBXBuildFile; fileRef = E7B27C352C698489002C4B26 /* Question4View.swift */; };
		E7B27C382C69849A002C4B26 /* Question5View.swift in Sources */ = {isa = PBXBuildFile; fileRef = E7B27C372C69849A002C4B26 /* Question5View.swift */; };
		E7B27C3C2C6984C0002C4B26 /* Question6View.swift in Sources */ = {isa = PBXBuildFile; fileRef = E7B27C3B2C6984C0002C4B26 /* Question6View.swift */; };
		E7B27C3E2C6984CC002C4B26 /* Question7View.swift in Sources */ = {isa = PBXBuildFile; fileRef = E7B27C3D2C6984CC002C4B26 /* Question7View.swift */; };
		E7B27C402C6984E7002C4B26 /* Question8View.swift in Sources */ = {isa = PBXBuildFile; fileRef = E7B27C3F2C6984E7002C4B26 /* Question8View.swift */; };
		E7B27C422C6984FA002C4B26 /* Question9View.swift in Sources */ = {isa = PBXBuildFile; fileRef = E7B27C412C6984FA002C4B26 /* Question9View.swift */; };
		E7B27C442C698510002C4B26 /* Question10View.swift in Sources */ = {isa = PBXBuildFile; fileRef = E7B27C432C698510002C4B26 /* Question10View.swift */; };
		E7BE83C52C70C6BC0053A151 /* AcneGalleryView.swift in Sources */ = {isa = PBXBuildFile; fileRef = E7BE83C42C70C6BC0053A151 /* AcneGalleryView.swift */; };
		E7BE83C72C70C6D10053A151 /* AtopicGalleryView.swift in Sources */ = {isa = PBXBuildFile; fileRef = E7BE83C62C70C6D10053A151 /* AtopicGalleryView.swift */; };
		E7BE83C92C70C6E60053A151 /* BccGalleryView.swift in Sources */ = {isa = PBXBuildFile; fileRef = E7BE83C82C70C6E60053A151 /* BccGalleryView.swift */; };
		E7BE83CD2C70D8750053A151 /* AcneView.swift in Sources */ = {isa = PBXBuildFile; fileRef = E7BE83CC2C70D8750053A151 /* AcneView.swift */; };
		E7BE83CF2C70D9650053A151 /* AtopicView.swift in Sources */ = {isa = PBXBuildFile; fileRef = E7BE83CE2C70D9650053A151 /* AtopicView.swift */; };
		E7BE83D12C70DA660053A151 /* BccView.swift in Sources */ = {isa = PBXBuildFile; fileRef = E7BE83D02C70DA660053A151 /* BccView.swift */; };
		E7BE83D32C70DB350053A151 /* PicPreview.swift in Sources */ = {isa = PBXBuildFile; fileRef = E7BE83D22C70DB350053A151 /* PicPreview.swift */; };
		E7BE83D52C70DD060053A151 /* Loading.swift in Sources */ = {isa = PBXBuildFile; fileRef = E7BE83D42C70DD060053A151 /* Loading.swift */; };
		E7D9A05E2C6C159E00968BFE /* MainView.swift in Sources */ = {isa = PBXBuildFile; fileRef = E7D9A05D2C6C159E00968BFE /* MainView.swift */; };
		E7D9A0602C6C3EDD00968BFE /* Camera.swift in Sources */ = {isa = PBXBuildFile; fileRef = E7D9A05F2C6C3EDD00968BFE /* Camera.swift */; };
		E7E60E652C4DFF710052F77B /* MandleApp.swift in Sources */ = {isa = PBXBuildFile; fileRef = E7E60E642C4DFF710052F77B /* MandleApp.swift */; };
		E7E60E672C4DFF710052F77B /* ContentView.swift in Sources */ = {isa = PBXBuildFile; fileRef = E7E60E662C4DFF710052F77B /* ContentView.swift */; };
		E7E60E692C4DFFAD0052F77B /* Assets.xcassets in Resources */ = {isa = PBXBuildFile; fileRef = E7E60E682C4DFFAD0052F77B /* Assets.xcassets */; };
		E7E60E6C2C4DFFAD0052F77B /* Preview Assets.xcassets in Resources */ = {isa = PBXBuildFile; fileRef = E7E60E6B2C4DFFAD0052F77B /* Preview Assets.xcassets */; };
		E7E60E762C4DFFAE0052F77B /* MandleTests.swift in Sources */ = {isa = PBXBuildFile; fileRef = E7E60E752C4DFFAE0052F77B /* MandleTests.swift */; };
		E7E60E802C4DFFAE0052F77B /* MandleUITests.swift in Sources */ = {isa = PBXBuildFile; fileRef = E7E60E7F2C4DFFAE0052F77B /* MandleUITests.swift */; };
		E7E60E822C4DFFAE0052F77B /* MandleUITestsLaunchTests.swift in Sources */ = {isa = PBXBuildFile; fileRef = E7E60E812C4DFFAE0052F77B /* MandleUITestsLaunchTests.swift */; };
/* End PBXBuildFile section */

/* Begin PBXContainerItemProxy section */
		E7E60E722C4DFFAE0052F77B /* PBXContainerItemProxy */ = {
			isa = PBXContainerItemProxy;
			containerPortal = E7E60E592C4DFF710052F77B /* Project object */;
			proxyType = 1;
			remoteGlobalIDString = E7E60E602C4DFF710052F77B;
			remoteInfo = Mandle;
		};
		E7E60E7C2C4DFFAE0052F77B /* PBXContainerItemProxy */ = {
			isa = PBXContainerItemProxy;
			containerPortal = E7E60E592C4DFF710052F77B /* Project object */;
			proxyType = 1;
			remoteGlobalIDString = E7E60E602C4DFF710052F77B;
			remoteInfo = Mandle;
		};
/* End PBXContainerItemProxy section */

/* Begin PBXFileReference section */
		B946E82E2C7CDB660047A16B /* User.swift */ = {isa = PBXFileReference; lastKnownFileType = sourcecode.swift; path = User.swift; sourceTree = "<group>"; };
		B946E8302C7CE0C00047A16B /* Font+Extension.swift */ = {isa = PBXFileReference; lastKnownFileType = sourcecode.swift; path = "Font+Extension.swift"; sourceTree = "<group>"; };
		B946E8322C7CE22E0047A16B /* QuestionViewModel.swift */ = {isa = PBXFileReference; lastKnownFileType = sourcecode.swift; path = QuestionViewModel.swift; sourceTree = "<group>"; };
		B946E8352C7CEA8D0047A16B /* FillButton.swift */ = {isa = PBXFileReference; lastKnownFileType = sourcecode.swift; path = FillButton.swift; sourceTree = "<group>"; };
		B946E8372C7D97AD0047A16B /* MainViewModel.swift */ = {isa = PBXFileReference; lastKnownFileType = sourcecode.swift; path = MainViewModel.swift; sourceTree = "<group>"; };
		E76138712C5733110024E4BC /* SplashView.swift */ = {isa = PBXFileReference; lastKnownFileType = sourcecode.swift; path = SplashView.swift; sourceTree = "<group>"; };
		E76138732C5734F70024E4BC /* SplashSun.json */ = {isa = PBXFileReference; fileEncoding = 4; lastKnownFileType = text.json; path = SplashSun.json; sourceTree = "<group>"; };
		E76A4C622C64567900AFCD80 /* QuestionView.swift */ = {isa = PBXFileReference; lastKnownFileType = sourcecode.swift; path = QuestionView.swift; sourceTree = "<group>"; };
		E76A4C642C645FC300AFCD80 /* Color+Extension.swift */ = {isa = PBXFileReference; lastKnownFileType = sourcecode.swift; path = "Color+Extension.swift"; sourceTree = "<group>"; };
		E79ABF8E2C72E48F004744B3 /* CameraLens.swift */ = {isa = PBXFileReference; lastKnownFileType = sourcecode.swift; path = CameraLens.swift; sourceTree = "<group>"; };
		E79FE7D12C6ACECE002D2FD9 /* RadioButton.swift */ = {isa = PBXFileReference; lastKnownFileType = sourcecode.swift; path = RadioButton.swift; sourceTree = "<group>"; };
		E79FE7D52C6AD57A002D2FD9 /* NextBackButton.swift */ = {isa = PBXFileReference; lastKnownFileType = sourcecode.swift; path = NextBackButton.swift; sourceTree = "<group>"; };
		E7A9CDBB2C76D05600D04B07 /* ResultScreen.swift */ = {isa = PBXFileReference; lastKnownFileType = sourcecode.swift; path = ResultScreen.swift; sourceTree = "<group>"; };
		E7A9CDBD2C76D16F00D04B07 /* SkinProblemClassifier.mlmodel */ = {isa = PBXFileReference; lastKnownFileType = file.mlmodel; path = SkinProblemClassifier.mlmodel; sourceTree = "<group>"; };
		E7B27C2F2C69842A002C4B26 /* Question1View.swift */ = {isa = PBXFileReference; lastKnownFileType = sourcecode.swift; path = Question1View.swift; sourceTree = "<group>"; };
		E7B27C312C698449002C4B26 /* Question2View.swift */ = {isa = PBXFileReference; lastKnownFileType = sourcecode.swift; path = Question2View.swift; sourceTree = "<group>"; };
		E7B27C332C698475002C4B26 /* Question3View.swift */ = {isa = PBXFileReference; lastKnownFileType = sourcecode.swift; path = Question3View.swift; sourceTree = "<group>"; };
		E7B27C352C698489002C4B26 /* Question4View.swift */ = {isa = PBXFileReference; lastKnownFileType = sourcecode.swift; path = Question4View.swift; sourceTree = "<group>"; };
		E7B27C372C69849A002C4B26 /* Question5View.swift */ = {isa = PBXFileReference; lastKnownFileType = sourcecode.swift; path = Question5View.swift; sourceTree = "<group>"; };
		E7B27C3B2C6984C0002C4B26 /* Question6View.swift */ = {isa = PBXFileReference; lastKnownFileType = sourcecode.swift; path = Question6View.swift; sourceTree = "<group>"; };
		E7B27C3D2C6984CC002C4B26 /* Question7View.swift */ = {isa = PBXFileReference; lastKnownFileType = sourcecode.swift; path = Question7View.swift; sourceTree = "<group>"; };
		E7B27C3F2C6984E7002C4B26 /* Question8View.swift */ = {isa = PBXFileReference; lastKnownFileType = sourcecode.swift; path = Question8View.swift; sourceTree = "<group>"; };
		E7B27C412C6984FA002C4B26 /* Question9View.swift */ = {isa = PBXFileReference; lastKnownFileType = sourcecode.swift; path = Question9View.swift; sourceTree = "<group>"; };
		E7B27C432C698510002C4B26 /* Question10View.swift */ = {isa = PBXFileReference; lastKnownFileType = sourcecode.swift; path = Question10View.swift; sourceTree = "<group>"; };
		E7BE83C42C70C6BC0053A151 /* AcneGalleryView.swift */ = {isa = PBXFileReference; lastKnownFileType = sourcecode.swift; path = AcneGalleryView.swift; sourceTree = "<group>"; };
		E7BE83C62C70C6D10053A151 /* AtopicGalleryView.swift */ = {isa = PBXFileReference; lastKnownFileType = sourcecode.swift; path = AtopicGalleryView.swift; sourceTree = "<group>"; };
		E7BE83C82C70C6E60053A151 /* BccGalleryView.swift */ = {isa = PBXFileReference; lastKnownFileType = sourcecode.swift; path = BccGalleryView.swift; sourceTree = "<group>"; };
		E7BE83CC2C70D8750053A151 /* AcneView.swift */ = {isa = PBXFileReference; lastKnownFileType = sourcecode.swift; path = AcneView.swift; sourceTree = "<group>"; };
		E7BE83CE2C70D9650053A151 /* AtopicView.swift */ = {isa = PBXFileReference; lastKnownFileType = sourcecode.swift; path = AtopicView.swift; sourceTree = "<group>"; };
		E7BE83D02C70DA660053A151 /* BccView.swift */ = {isa = PBXFileReference; lastKnownFileType = sourcecode.swift; path = BccView.swift; sourceTree = "<group>"; };
		E7BE83D22C70DB350053A151 /* PicPreview.swift */ = {isa = PBXFileReference; lastKnownFileType = sourcecode.swift; path = PicPreview.swift; sourceTree = "<group>"; };
		E7BE83D42C70DD060053A151 /* Loading.swift */ = {isa = PBXFileReference; lastKnownFileType = sourcecode.swift; path = Loading.swift; sourceTree = "<group>"; };
		E7D9A05D2C6C159E00968BFE /* MainView.swift */ = {isa = PBXFileReference; lastKnownFileType = sourcecode.swift; path = MainView.swift; sourceTree = "<group>"; };
		E7D9A05F2C6C3EDD00968BFE /* Camera.swift */ = {isa = PBXFileReference; lastKnownFileType = sourcecode.swift; path = Camera.swift; sourceTree = "<group>"; };
		E7E60E612C4DFF710052F77B /* Mandle.app */ = {isa = PBXFileReference; explicitFileType = wrapper.application; includeInIndex = 0; path = Mandle.app; sourceTree = BUILT_PRODUCTS_DIR; };
		E7E60E642C4DFF710052F77B /* MandleApp.swift */ = {isa = PBXFileReference; lastKnownFileType = sourcecode.swift; path = MandleApp.swift; sourceTree = "<group>"; };
		E7E60E662C4DFF710052F77B /* ContentView.swift */ = {isa = PBXFileReference; lastKnownFileType = sourcecode.swift; path = ContentView.swift; sourceTree = "<group>"; };
		E7E60E682C4DFFAD0052F77B /* Assets.xcassets */ = {isa = PBXFileReference; lastKnownFileType = folder.assetcatalog; path = Assets.xcassets; sourceTree = "<group>"; };
		E7E60E6B2C4DFFAD0052F77B /* Preview Assets.xcassets */ = {isa = PBXFileReference; lastKnownFileType = folder.assetcatalog; path = "Preview Assets.xcassets"; sourceTree = "<group>"; };
		E7E60E712C4DFFAE0052F77B /* MandleTests.xctest */ = {isa = PBXFileReference; explicitFileType = wrapper.cfbundle; includeInIndex = 0; path = MandleTests.xctest; sourceTree = BUILT_PRODUCTS_DIR; };
		E7E60E752C4DFFAE0052F77B /* MandleTests.swift */ = {isa = PBXFileReference; lastKnownFileType = sourcecode.swift; path = MandleTests.swift; sourceTree = "<group>"; };
		E7E60E7B2C4DFFAE0052F77B /* MandleUITests.xctest */ = {isa = PBXFileReference; explicitFileType = wrapper.cfbundle; includeInIndex = 0; path = MandleUITests.xctest; sourceTree = BUILT_PRODUCTS_DIR; };
		E7E60E7F2C4DFFAE0052F77B /* MandleUITests.swift */ = {isa = PBXFileReference; lastKnownFileType = sourcecode.swift; path = MandleUITests.swift; sourceTree = "<group>"; };
		E7E60E812C4DFFAE0052F77B /* MandleUITestsLaunchTests.swift */ = {isa = PBXFileReference; lastKnownFileType = sourcecode.swift; path = MandleUITestsLaunchTests.swift; sourceTree = "<group>"; };
/* End PBXFileReference section */

/* Begin PBXFrameworksBuildPhase section */
		E7E60E5E2C4DFF710052F77B /* Frameworks */ = {
			isa = PBXFrameworksBuildPhase;
			buildActionMask = 2147483647;
			files = (
			);
			runOnlyForDeploymentPostprocessing = 0;
		};
		E7E60E6E2C4DFFAE0052F77B /* Frameworks */ = {
			isa = PBXFrameworksBuildPhase;
			buildActionMask = 2147483647;
			files = (
			);
			runOnlyForDeploymentPostprocessing = 0;
		};
		E7E60E782C4DFFAE0052F77B /* Frameworks */ = {
			isa = PBXFrameworksBuildPhase;
			buildActionMask = 2147483647;
			files = (
			);
			runOnlyForDeploymentPostprocessing = 0;
		};
/* End PBXFrameworksBuildPhase section */

/* Begin PBXGroup section */
		B946E8212C7CD0EC0047A16B /* Features */ = {
			isa = PBXGroup;
			children = (
				B946E8282C7CD1980047A16B /* Splash */,
				B946E8232C7CD11D0047A16B /* Question */,
				B946E8252C7CD1440047A16B /* Main */,
				B946E8392C7D9CBF0047A16B /* Acne */,
				B946E82A2C7CD1CC0047A16B /* AcneGallery */,
				B946E82B2C7CD1D60047A16B /* Atopic */,
				B946E83B2C7D9FE90047A16B /* AtopicGallery */,
				B946E8292C7CD1C00047A16B /* Bcc */,
				B946E83A2C7D9F8C0047A16B /* BccGallery */,
				B946E8262C7CD1760047A16B /* Result */,
				B946E8222C7CD1030047A16B /* Camera */,
			);
			path = Features;
			sourceTree = "<group>";
		};
		B946E8222C7CD1030047A16B /* Camera */ = {
			isa = PBXGroup;
			children = (
				E79ABF8E2C72E48F004744B3 /* CameraLens.swift */,
				E7D9A05F2C6C3EDD00968BFE /* Camera.swift */,
				E7BE83D22C70DB350053A151 /* PicPreview.swift */,
			);
			path = Camera;
			sourceTree = "<group>";
		};
		B946E8232C7CD11D0047A16B /* Question */ = {
			isa = PBXGroup;
			children = (
				B946E8342C7CE4140047A16B /* Questions */,
				E76A4C622C64567900AFCD80 /* QuestionView.swift */,
				B946E8322C7CE22E0047A16B /* QuestionViewModel.swift */,
			);
			path = Question;
			sourceTree = "<group>";
		};
		B946E8242C7CD1330047A16B /* Components */ = {
			isa = PBXGroup;
			children = (
				E7BE83D42C70DD060053A151 /* Loading.swift */,
				E79FE7D52C6AD57A002D2FD9 /* NextBackButton.swift */,
				E79FE7D12C6ACECE002D2FD9 /* RadioButton.swift */,
				B946E8352C7CEA8D0047A16B /* FillButton.swift */,
			);
			path = Components;
			sourceTree = "<group>";
		};
		B946E8252C7CD1440047A16B /* Main */ = {
			isa = PBXGroup;
			children = (
				E7D9A05D2C6C159E00968BFE /* MainView.swift */,
				B946E8372C7D97AD0047A16B /* MainViewModel.swift */,
			);
			path = Main;
			sourceTree = "<group>";
		};
		B946E8262C7CD1760047A16B /* Result */ = {
			isa = PBXGroup;
			children = (
				E7A9CDBB2C76D05600D04B07 /* ResultScreen.swift */,
			);
			path = Result;
			sourceTree = "<group>";
		};
		B946E8282C7CD1980047A16B /* Splash */ = {
			isa = PBXGroup;
			children = (
				E76138712C5733110024E4BC /* SplashView.swift */,
			);
			path = Splash;
			sourceTree = "<group>";
		};
		B946E8292C7CD1C00047A16B /* Bcc */ = {
			isa = PBXGroup;
			children = (
				E7BE83D02C70DA660053A151 /* BccView.swift */,
			);
			path = Bcc;
			sourceTree = "<group>";
		};
		B946E82A2C7CD1CC0047A16B /* AcneGallery */ = {
			isa = PBXGroup;
			children = (
				E7BE83C42C70C6BC0053A151 /* AcneGalleryView.swift */,
			);
			path = AcneGallery;
			sourceTree = "<group>";
		};
		B946E82B2C7CD1D60047A16B /* Atopic */ = {
			isa = PBXGroup;
			children = (
				E7BE83CE2C70D9650053A151 /* AtopicView.swift */,
			);
			path = Atopic;
			sourceTree = "<group>";
		};
		B946E82C2C7CD2100047A16B /* Resources */ = {
			isa = PBXGroup;
			children = (
				E76138732C5734F70024E4BC /* SplashSun.json */,
			);
			path = Resources;
			sourceTree = "<group>";
		};
		B946E82D2C7CDB520047A16B /* Models */ = {
			isa = PBXGroup;
			children = (
				B946E82E2C7CDB660047A16B /* User.swift */,
			);
			path = Models;
			sourceTree = "<group>";
		};
		B946E8342C7CE4140047A16B /* Questions */ = {
			isa = PBXGroup;
			children = (
				E7B27C2F2C69842A002C4B26 /* Question1View.swift */,
				E7B27C312C698449002C4B26 /* Question2View.swift */,
				E7B27C332C698475002C4B26 /* Question3View.swift */,
				E7B27C352C698489002C4B26 /* Question4View.swift */,
				E7B27C372C69849A002C4B26 /* Question5View.swift */,
				E7B27C3B2C6984C0002C4B26 /* Question6View.swift */,
				E7B27C3D2C6984CC002C4B26 /* Question7View.swift */,
				E7B27C3F2C6984E7002C4B26 /* Question8View.swift */,
				E7B27C412C6984FA002C4B26 /* Question9View.swift */,
				E7B27C432C698510002C4B26 /* Question10View.swift */,
			);
			path = Questions;
			sourceTree = "<group>";
		};
		B946E8392C7D9CBF0047A16B /* Acne */ = {
			isa = PBXGroup;
			children = (
				E7BE83CC2C70D8750053A151 /* AcneView.swift */,
			);
			path = Acne;
			sourceTree = "<group>";
		};
		B946E83A2C7D9F8C0047A16B /* BccGallery */ = {
			isa = PBXGroup;
			children = (
				E7BE83C82C70C6E60053A151 /* BccGalleryView.swift */,
			);
			path = BccGallery;
			sourceTree = "<group>";
		};
		B946E83B2C7D9FE90047A16B /* AtopicGallery */ = {
			isa = PBXGroup;
			children = (
				E7BE83C62C70C6D10053A151 /* AtopicGalleryView.swift */,
			);
			path = AtopicGallery;
			sourceTree = "<group>";
		};
		E76A4C662C64601500AFCD80 /* Extensions */ = {
			isa = PBXGroup;
			children = (
				E76A4C642C645FC300AFCD80 /* Color+Extension.swift */,
				B946E8302C7CE0C00047A16B /* Font+Extension.swift */,
			);
			path = Extensions;
			sourceTree = "<group>";
		};
		E7E60E582C4DFF710052F77B = {
			isa = PBXGroup;
			children = (
				E7E60E632C4DFF710052F77B /* Mandle */,
				E7E60E742C4DFFAE0052F77B /* MandleTests */,
				E7E60E7E2C4DFFAE0052F77B /* MandleUITests */,
				E7E60E622C4DFF710052F77B /* Products */,
			);
			sourceTree = "<group>";
		};
		E7E60E622C4DFF710052F77B /* Products */ = {
			isa = PBXGroup;
			children = (
				E7E60E612C4DFF710052F77B /* Mandle.app */,
				E7E60E712C4DFFAE0052F77B /* MandleTests.xctest */,
				E7E60E7B2C4DFFAE0052F77B /* MandleUITests.xctest */,
			);
			name = Products;
			sourceTree = "<group>";
		};
		E7E60E632C4DFF710052F77B /* Mandle */ = {
			isa = PBXGroup;
			children = (
				B946E82C2C7CD2100047A16B /* Resources */,
				B946E82D2C7CDB520047A16B /* Models */,
				B946E8242C7CD1330047A16B /* Components */,
				B946E8212C7CD0EC0047A16B /* Features */,
				E76A4C662C64601500AFCD80 /* Extensions */,
				E7E60E642C4DFF710052F77B /* MandleApp.swift */,
				E7E60E662C4DFF710052F77B /* ContentView.swift */,
				E7A9CDBD2C76D16F00D04B07 /* SkinProblemClassifier.mlmodel */,
				E7E60E682C4DFFAD0052F77B /* Assets.xcassets */,
				E7E60E6A2C4DFFAD0052F77B /* Preview Content */,
			);
			path = Mandle;
			sourceTree = "<group>";
		};
		E7E60E6A2C4DFFAD0052F77B /* Preview Content */ = {
			isa = PBXGroup;
			children = (
				E7E60E6B2C4DFFAD0052F77B /* Preview Assets.xcassets */,
			);
			path = "Preview Content";
			sourceTree = "<group>";
		};
		E7E60E742C4DFFAE0052F77B /* MandleTests */ = {
			isa = PBXGroup;
			children = (
				E7E60E752C4DFFAE0052F77B /* MandleTests.swift */,
			);
			path = MandleTests;
			sourceTree = "<group>";
		};
		E7E60E7E2C4DFFAE0052F77B /* MandleUITests */ = {
			isa = PBXGroup;
			children = (
				E7E60E7F2C4DFFAE0052F77B /* MandleUITests.swift */,
				E7E60E812C4DFFAE0052F77B /* MandleUITestsLaunchTests.swift */,
			);
			path = MandleUITests;
			sourceTree = "<group>";
		};
/* End PBXGroup section */

/* Begin PBXNativeTarget section */
		E7E60E602C4DFF710052F77B /* Mandle */ = {
			isa = PBXNativeTarget;
			buildConfigurationList = E7E60E852C4DFFAE0052F77B /* Build configuration list for PBXNativeTarget "Mandle" */;
			buildPhases = (
				E7E60E5D2C4DFF710052F77B /* Sources */,
				E7E60E5E2C4DFF710052F77B /* Frameworks */,
				E7E60E5F2C4DFF710052F77B /* Resources */,
			);
			buildRules = (
			);
			dependencies = (
			);
			name = Mandle;
			productName = Mandle;
			productReference = E7E60E612C4DFF710052F77B /* Mandle.app */;
			productType = "com.apple.product-type.application";
		};
		E7E60E702C4DFFAE0052F77B /* MandleTests */ = {
			isa = PBXNativeTarget;
			buildConfigurationList = E7E60E882C4DFFAE0052F77B /* Build configuration list for PBXNativeTarget "MandleTests" */;
			buildPhases = (
				E7E60E6D2C4DFFAE0052F77B /* Sources */,
				E7E60E6E2C4DFFAE0052F77B /* Frameworks */,
				E7E60E6F2C4DFFAE0052F77B /* Resources */,
			);
			buildRules = (
			);
			dependencies = (
				E7E60E732C4DFFAE0052F77B /* PBXTargetDependency */,
			);
			name = MandleTests;
			productName = MandleTests;
			productReference = E7E60E712C4DFFAE0052F77B /* MandleTests.xctest */;
			productType = "com.apple.product-type.bundle.unit-test";
		};
		E7E60E7A2C4DFFAE0052F77B /* MandleUITests */ = {
			isa = PBXNativeTarget;
			buildConfigurationList = E7E60E8B2C4DFFAE0052F77B /* Build configuration list for PBXNativeTarget "MandleUITests" */;
			buildPhases = (
				E7E60E772C4DFFAE0052F77B /* Sources */,
				E7E60E782C4DFFAE0052F77B /* Frameworks */,
				E7E60E792C4DFFAE0052F77B /* Resources */,
			);
			buildRules = (
			);
			dependencies = (
				E7E60E7D2C4DFFAE0052F77B /* PBXTargetDependency */,
			);
			name = MandleUITests;
			productName = MandleUITests;
			productReference = E7E60E7B2C4DFFAE0052F77B /* MandleUITests.xctest */;
			productType = "com.apple.product-type.bundle.ui-testing";
		};
/* End PBXNativeTarget section */

/* Begin PBXProject section */
		E7E60E592C4DFF710052F77B /* Project object */ = {
			isa = PBXProject;
			attributes = {
				BuildIndependentTargetsInParallel = 1;
				LastSwiftUpdateCheck = 1540;
				LastUpgradeCheck = 1540;
				TargetAttributes = {
					E7E60E602C4DFF710052F77B = {
						CreatedOnToolsVersion = 15.4;
					};
					E7E60E702C4DFFAE0052F77B = {
						CreatedOnToolsVersion = 15.4;
						TestTargetID = E7E60E602C4DFF710052F77B;
					};
					E7E60E7A2C4DFFAE0052F77B = {
						CreatedOnToolsVersion = 15.4;
						TestTargetID = E7E60E602C4DFF710052F77B;
					};
				};
			};
			buildConfigurationList = E7E60E5C2C4DFF710052F77B /* Build configuration list for PBXProject "Mandle" */;
			compatibilityVersion = "Xcode 14.0";
			developmentRegion = en;
			hasScannedForEncodings = 0;
			knownRegions = (
				en,
				Base,
			);
			mainGroup = E7E60E582C4DFF710052F77B;
			packageReferences = (
			);
			productRefGroup = E7E60E622C4DFF710052F77B /* Products */;
			projectDirPath = "";
			projectRoot = "";
			targets = (
				E7E60E602C4DFF710052F77B /* Mandle */,
				E7E60E702C4DFFAE0052F77B /* MandleTests */,
				E7E60E7A2C4DFFAE0052F77B /* MandleUITests */,
			);
		};
/* End PBXProject section */

/* Begin PBXResourcesBuildPhase section */
		E7E60E5F2C4DFF710052F77B /* Resources */ = {
			isa = PBXResourcesBuildPhase;
			buildActionMask = 2147483647;
			files = (
				E7E60E6C2C4DFFAD0052F77B /* Preview Assets.xcassets in Resources */,
				E76138742C5734F70024E4BC /* SplashSun.json in Resources */,
				E7E60E692C4DFFAD0052F77B /* Assets.xcassets in Resources */,
			);
			runOnlyForDeploymentPostprocessing = 0;
		};
		E7E60E6F2C4DFFAE0052F77B /* Resources */ = {
			isa = PBXResourcesBuildPhase;
			buildActionMask = 2147483647;
			files = (
			);
			runOnlyForDeploymentPostprocessing = 0;
		};
		E7E60E792C4DFFAE0052F77B /* Resources */ = {
			isa = PBXResourcesBuildPhase;
			buildActionMask = 2147483647;
			files = (
			);
			runOnlyForDeploymentPostprocessing = 0;
		};
/* End PBXResourcesBuildPhase section */

/* Begin PBXSourcesBuildPhase section */
		E7E60E5D2C4DFF710052F77B /* Sources */ = {
			isa = PBXSourcesBuildPhase;
			buildActionMask = 2147483647;
			files = (
				E76A4C632C64567A00AFCD80 /* QuestionView.swift in Sources */,
				E7B27C362C698489002C4B26 /* Question4View.swift in Sources */,
				B946E8312C7CE0C00047A16B /* Font+Extension.swift in Sources */,
				E7BE83C72C70C6D10053A151 /* AtopicGalleryView.swift in Sources */,
				E7BE83CD2C70D8750053A151 /* AcneView.swift in Sources */,
				B946E82F2C7CDB660047A16B /* User.swift in Sources */,
				E7B27C3E2C6984CC002C4B26 /* Question7View.swift in Sources */,
				E7BE83D12C70DA660053A151 /* BccView.swift in Sources */,
				E7BE83C52C70C6BC0053A151 /* AcneGalleryView.swift in Sources */,
				B946E8362C7CEA8D0047A16B /* FillButton.swift in Sources */,
				E76A4C652C645FC300AFCD80 /* Color+Extension.swift in Sources */,
				E7B27C422C6984FA002C4B26 /* Question9View.swift in Sources */,
				E7BE83CF2C70D9650053A151 /* AtopicView.swift in Sources */,
				E7BE83D32C70DB350053A151 /* PicPreview.swift in Sources */,
				E79FE7D62C6AD57A002D2FD9 /* NextBackButton.swift in Sources */,
				E7BE83C92C70C6E60053A151 /* BccGalleryView.swift in Sources */,
				E7B27C442C698510002C4B26 /* Question10View.swift in Sources */,
				E79ABF8F2C72E48F004744B3 /* CameraLens.swift in Sources */,
				E7E60E672C4DFF710052F77B /* ContentView.swift in Sources */,
				E7A9CDBC2C76D05600D04B07 /* ResultScreen.swift in Sources */,
				E7B27C302C69842A002C4B26 /* Question1View.swift in Sources */,
				E7B27C3C2C6984C0002C4B26 /* Question6View.swift in Sources */,
				E7BE83D52C70DD060053A151 /* Loading.swift in Sources */,
				E7B27C322C698449002C4B26 /* Question2View.swift in Sources */,
				B946E8332C7CE22E0047A16B /* QuestionViewModel.swift in Sources */,
				E7D9A05E2C6C159E00968BFE /* MainView.swift in Sources */,
				E7B27C402C6984E7002C4B26 /* Question8View.swift in Sources */,
				E79FE7D22C6ACECE002D2FD9 /* RadioButton.swift in Sources */,
				E7E60E652C4DFF710052F77B /* MandleApp.swift in Sources */,
				E7A9CDBE2C76D16F00D04B07 /* SkinProblemClassifier.mlmodel in Sources */,
				E7D9A0602C6C3EDD00968BFE /* Camera.swift in Sources */,
				E7B27C342C698475002C4B26 /* Question3View.swift in Sources */,
				E7B27C382C69849A002C4B26 /* Question5View.swift in Sources */,
				E76138722C5733110024E4BC /* SplashView.swift in Sources */,
				B946E8382C7D97AD0047A16B /* MainViewModel.swift in Sources */,
			);
			runOnlyForDeploymentPostprocessing = 0;
		};
		E7E60E6D2C4DFFAE0052F77B /* Sources */ = {
			isa = PBXSourcesBuildPhase;
			buildActionMask = 2147483647;
			files = (
				E7E60E762C4DFFAE0052F77B /* MandleTests.swift in Sources */,
			);
			runOnlyForDeploymentPostprocessing = 0;
		};
		E7E60E772C4DFFAE0052F77B /* Sources */ = {
			isa = PBXSourcesBuildPhase;
			buildActionMask = 2147483647;
			files = (
				E7E60E802C4DFFAE0052F77B /* MandleUITests.swift in Sources */,
				E7E60E822C4DFFAE0052F77B /* MandleUITestsLaunchTests.swift in Sources */,
			);
			runOnlyForDeploymentPostprocessing = 0;
		};
/* End PBXSourcesBuildPhase section */

/* Begin PBXTargetDependency section */
		E7E60E732C4DFFAE0052F77B /* PBXTargetDependency */ = {
			isa = PBXTargetDependency;
			target = E7E60E602C4DFF710052F77B /* Mandle */;
			targetProxy = E7E60E722C4DFFAE0052F77B /* PBXContainerItemProxy */;
		};
		E7E60E7D2C4DFFAE0052F77B /* PBXTargetDependency */ = {
			isa = PBXTargetDependency;
			target = E7E60E602C4DFF710052F77B /* Mandle */;
			targetProxy = E7E60E7C2C4DFFAE0052F77B /* PBXContainerItemProxy */;
		};
/* End PBXTargetDependency section */

/* Begin XCBuildConfiguration section */
		E7E60E832C4DFFAE0052F77B /* Debug */ = {
			isa = XCBuildConfiguration;
			buildSettings = {
				ALWAYS_SEARCH_USER_PATHS = NO;
				ASSETCATALOG_COMPILER_GENERATE_SWIFT_ASSET_SYMBOL_EXTENSIONS = YES;
				CLANG_ANALYZER_NONNULL = YES;
				CLANG_ANALYZER_NUMBER_OBJECT_CONVERSION = YES_AGGRESSIVE;
				CLANG_CXX_LANGUAGE_STANDARD = "gnu++20";
				CLANG_ENABLE_MODULES = YES;
				CLANG_ENABLE_OBJC_ARC = YES;
				CLANG_ENABLE_OBJC_WEAK = YES;
				CLANG_WARN_BLOCK_CAPTURE_AUTORELEASING = YES;
				CLANG_WARN_BOOL_CONVERSION = YES;
				CLANG_WARN_COMMA = YES;
				CLANG_WARN_CONSTANT_CONVERSION = YES;
				CLANG_WARN_DEPRECATED_OBJC_IMPLEMENTATIONS = YES;
				CLANG_WARN_DIRECT_OBJC_ISA_USAGE = YES_ERROR;
				CLANG_WARN_DOCUMENTATION_COMMENTS = YES;
				CLANG_WARN_EMPTY_BODY = YES;
				CLANG_WARN_ENUM_CONVERSION = YES;
				CLANG_WARN_INFINITE_RECURSION = YES;
				CLANG_WARN_INT_CONVERSION = YES;
				CLANG_WARN_NON_LITERAL_NULL_CONVERSION = YES;
				CLANG_WARN_OBJC_IMPLICIT_RETAIN_SELF = YES;
				CLANG_WARN_OBJC_LITERAL_CONVERSION = YES;
				CLANG_WARN_OBJC_ROOT_CLASS = YES_ERROR;
				CLANG_WARN_QUOTED_INCLUDE_IN_FRAMEWORK_HEADER = YES;
				CLANG_WARN_RANGE_LOOP_ANALYSIS = YES;
				CLANG_WARN_STRICT_PROTOTYPES = YES;
				CLANG_WARN_SUSPICIOUS_MOVE = YES;
				CLANG_WARN_UNGUARDED_AVAILABILITY = YES_AGGRESSIVE;
				CLANG_WARN_UNREACHABLE_CODE = YES;
				CLANG_WARN__DUPLICATE_METHOD_MATCH = YES;
				COPY_PHASE_STRIP = NO;
				DEBUG_INFORMATION_FORMAT = dwarf;
				ENABLE_STRICT_OBJC_MSGSEND = YES;
				ENABLE_TESTABILITY = YES;
				ENABLE_USER_SCRIPT_SANDBOXING = YES;
				GCC_C_LANGUAGE_STANDARD = gnu17;
				GCC_DYNAMIC_NO_PIC = NO;
				GCC_NO_COMMON_BLOCKS = YES;
				GCC_OPTIMIZATION_LEVEL = 0;
				GCC_PREPROCESSOR_DEFINITIONS = (
					"DEBUG=1",
					"$(inherited)",
				);
				GCC_WARN_64_TO_32_BIT_CONVERSION = YES;
				GCC_WARN_ABOUT_RETURN_TYPE = YES_ERROR;
				GCC_WARN_UNDECLARED_SELECTOR = YES;
				GCC_WARN_UNINITIALIZED_AUTOS = YES_AGGRESSIVE;
				GCC_WARN_UNUSED_FUNCTION = YES;
				GCC_WARN_UNUSED_VARIABLE = YES;
				IPHONEOS_DEPLOYMENT_TARGET = 17.5;
				LOCALIZATION_PREFERS_STRING_CATALOGS = YES;
				MTL_ENABLE_DEBUG_INFO = INCLUDE_SOURCE;
				MTL_FAST_MATH = YES;
				ONLY_ACTIVE_ARCH = YES;
				SDKROOT = iphoneos;
				SWIFT_ACTIVE_COMPILATION_CONDITIONS = "DEBUG $(inherited)";
				SWIFT_OPTIMIZATION_LEVEL = "-Onone";
			};
			name = Debug;
		};
		E7E60E842C4DFFAE0052F77B /* Release */ = {
			isa = XCBuildConfiguration;
			buildSettings = {
				ALWAYS_SEARCH_USER_PATHS = NO;
				ASSETCATALOG_COMPILER_GENERATE_SWIFT_ASSET_SYMBOL_EXTENSIONS = YES;
				CLANG_ANALYZER_NONNULL = YES;
				CLANG_ANALYZER_NUMBER_OBJECT_CONVERSION = YES_AGGRESSIVE;
				CLANG_CXX_LANGUAGE_STANDARD = "gnu++20";
				CLANG_ENABLE_MODULES = YES;
				CLANG_ENABLE_OBJC_ARC = YES;
				CLANG_ENABLE_OBJC_WEAK = YES;
				CLANG_WARN_BLOCK_CAPTURE_AUTORELEASING = YES;
				CLANG_WARN_BOOL_CONVERSION = YES;
				CLANG_WARN_COMMA = YES;
				CLANG_WARN_CONSTANT_CONVERSION = YES;
				CLANG_WARN_DEPRECATED_OBJC_IMPLEMENTATIONS = YES;
				CLANG_WARN_DIRECT_OBJC_ISA_USAGE = YES_ERROR;
				CLANG_WARN_DOCUMENTATION_COMMENTS = YES;
				CLANG_WARN_EMPTY_BODY = YES;
				CLANG_WARN_ENUM_CONVERSION = YES;
				CLANG_WARN_INFINITE_RECURSION = YES;
				CLANG_WARN_INT_CONVERSION = YES;
				CLANG_WARN_NON_LITERAL_NULL_CONVERSION = YES;
				CLANG_WARN_OBJC_IMPLICIT_RETAIN_SELF = YES;
				CLANG_WARN_OBJC_LITERAL_CONVERSION = YES;
				CLANG_WARN_OBJC_ROOT_CLASS = YES_ERROR;
				CLANG_WARN_QUOTED_INCLUDE_IN_FRAMEWORK_HEADER = YES;
				CLANG_WARN_RANGE_LOOP_ANALYSIS = YES;
				CLANG_WARN_STRICT_PROTOTYPES = YES;
				CLANG_WARN_SUSPICIOUS_MOVE = YES;
				CLANG_WARN_UNGUARDED_AVAILABILITY = YES_AGGRESSIVE;
				CLANG_WARN_UNREACHABLE_CODE = YES;
				CLANG_WARN__DUPLICATE_METHOD_MATCH = YES;
				COPY_PHASE_STRIP = NO;
				DEBUG_INFORMATION_FORMAT = "dwarf-with-dsym";
				ENABLE_NS_ASSERTIONS = NO;
				ENABLE_STRICT_OBJC_MSGSEND = YES;
				ENABLE_USER_SCRIPT_SANDBOXING = YES;
				GCC_C_LANGUAGE_STANDARD = gnu17;
				GCC_NO_COMMON_BLOCKS = YES;
				GCC_WARN_64_TO_32_BIT_CONVERSION = YES;
				GCC_WARN_ABOUT_RETURN_TYPE = YES_ERROR;
				GCC_WARN_UNDECLARED_SELECTOR = YES;
				GCC_WARN_UNINITIALIZED_AUTOS = YES_AGGRESSIVE;
				GCC_WARN_UNUSED_FUNCTION = YES;
				GCC_WARN_UNUSED_VARIABLE = YES;
				IPHONEOS_DEPLOYMENT_TARGET = 17.5;
				LOCALIZATION_PREFERS_STRING_CATALOGS = YES;
				MTL_ENABLE_DEBUG_INFO = NO;
				MTL_FAST_MATH = YES;
				SDKROOT = iphoneos;
				SWIFT_COMPILATION_MODE = wholemodule;
				VALIDATE_PRODUCT = YES;
			};
			name = Release;
		};
		E7E60E862C4DFFAE0052F77B /* Debug */ = {
			isa = XCBuildConfiguration;
			buildSettings = {
				ASSETCATALOG_COMPILER_APPICON_NAME = AppIcon;
				ASSETCATALOG_COMPILER_GLOBAL_ACCENT_COLOR_NAME = AccentColor;
				CODE_SIGN_STYLE = Automatic;
				CURRENT_PROJECT_VERSION = 1;
				DEVELOPMENT_ASSET_PATHS = "\"Mandle/Preview Content\"";
				DEVELOPMENT_TEAM = MD5RF7QUZF;
				ENABLE_PREVIEWS = YES;
				GENERATE_INFOPLIST_FILE = YES;
				INFOPLIST_KEY_UIApplicationSceneManifest_Generation = YES;
				INFOPLIST_KEY_UIApplicationSupportsIndirectInputEvents = YES;
				INFOPLIST_KEY_UILaunchScreen_Generation = YES;
				INFOPLIST_KEY_UISupportedInterfaceOrientations_iPad = "UIInterfaceOrientationPortrait UIInterfaceOrientationPortraitUpsideDown UIInterfaceOrientationLandscapeLeft UIInterfaceOrientationLandscapeRight";
				INFOPLIST_KEY_UISupportedInterfaceOrientations_iPhone = "UIInterfaceOrientationPortrait UIInterfaceOrientationLandscapeLeft UIInterfaceOrientationLandscapeRight";
				LD_RUNPATH_SEARCH_PATHS = (
					"$(inherited)",
					"@executable_path/Frameworks",
				);
				MARKETING_VERSION = 1.0;
				PRODUCT_BUNDLE_IDENTIFIER = com.onju.Mandle;
				PRODUCT_NAME = "$(TARGET_NAME)";
				SWIFT_EMIT_LOC_STRINGS = YES;
				SWIFT_VERSION = 5.0;
				TARGETED_DEVICE_FAMILY = "1,2";
			};
			name = Debug;
		};
		E7E60E872C4DFFAE0052F77B /* Release */ = {
			isa = XCBuildConfiguration;
			buildSettings = {
				ASSETCATALOG_COMPILER_APPICON_NAME = AppIcon;
				ASSETCATALOG_COMPILER_GLOBAL_ACCENT_COLOR_NAME = AccentColor;
				CODE_SIGN_STYLE = Automatic;
				CURRENT_PROJECT_VERSION = 1;
				DEVELOPMENT_ASSET_PATHS = "\"Mandle/Preview Content\"";
				DEVELOPMENT_TEAM = MD5RF7QUZF;
				ENABLE_PREVIEWS = YES;
				GENERATE_INFOPLIST_FILE = YES;
				INFOPLIST_KEY_UIApplicationSceneManifest_Generation = YES;
				INFOPLIST_KEY_UIApplicationSupportsIndirectInputEvents = YES;
				INFOPLIST_KEY_UILaunchScreen_Generation = YES;
				INFOPLIST_KEY_UISupportedInterfaceOrientations_iPad = "UIInterfaceOrientationPortrait UIInterfaceOrientationPortraitUpsideDown UIInterfaceOrientationLandscapeLeft UIInterfaceOrientationLandscapeRight";
				INFOPLIST_KEY_UISupportedInterfaceOrientations_iPhone = "UIInterfaceOrientationPortrait UIInterfaceOrientationLandscapeLeft UIInterfaceOrientationLandscapeRight";
				LD_RUNPATH_SEARCH_PATHS = (
					"$(inherited)",
					"@executable_path/Frameworks",
				);
				MARKETING_VERSION = 1.0;
				PRODUCT_BUNDLE_IDENTIFIER = com.onju.Mandle;
				PRODUCT_NAME = "$(TARGET_NAME)";
				SWIFT_EMIT_LOC_STRINGS = YES;
				SWIFT_VERSION = 5.0;
				TARGETED_DEVICE_FAMILY = "1,2";
			};
			name = Release;
		};
		E7E60E892C4DFFAE0052F77B /* Debug */ = {
			isa = XCBuildConfiguration;
			buildSettings = {
				ALWAYS_EMBED_SWIFT_STANDARD_LIBRARIES = YES;
				BUNDLE_LOADER = "$(TEST_HOST)";
				CODE_SIGN_STYLE = Automatic;
				CURRENT_PROJECT_VERSION = 1;
				DEVELOPMENT_TEAM = MD5RF7QUZF;
				GENERATE_INFOPLIST_FILE = YES;
				IPHONEOS_DEPLOYMENT_TARGET = 17.5;
				MARKETING_VERSION = 1.0;
				PRODUCT_BUNDLE_IDENTIFIER = com.onju.MandleTests;
				PRODUCT_NAME = "$(TARGET_NAME)";
				SWIFT_EMIT_LOC_STRINGS = NO;
				SWIFT_VERSION = 5.0;
				TARGETED_DEVICE_FAMILY = "1,2";
				TEST_HOST = "$(BUILT_PRODUCTS_DIR)/Mandle.app/$(BUNDLE_EXECUTABLE_FOLDER_PATH)/Mandle";
			};
			name = Debug;
		};
		E7E60E8A2C4DFFAE0052F77B /* Release */ = {
			isa = XCBuildConfiguration;
			buildSettings = {
				ALWAYS_EMBED_SWIFT_STANDARD_LIBRARIES = YES;
				BUNDLE_LOADER = "$(TEST_HOST)";
				CODE_SIGN_STYLE = Automatic;
				CURRENT_PROJECT_VERSION = 1;
				DEVELOPMENT_TEAM = MD5RF7QUZF;
				GENERATE_INFOPLIST_FILE = YES;
				IPHONEOS_DEPLOYMENT_TARGET = 17.5;
				MARKETING_VERSION = 1.0;
				PRODUCT_BUNDLE_IDENTIFIER = com.onju.MandleTests;
				PRODUCT_NAME = "$(TARGET_NAME)";
				SWIFT_EMIT_LOC_STRINGS = NO;
				SWIFT_VERSION = 5.0;
				TARGETED_DEVICE_FAMILY = "1,2";
				TEST_HOST = "$(BUILT_PRODUCTS_DIR)/Mandle.app/$(BUNDLE_EXECUTABLE_FOLDER_PATH)/Mandle";
			};
			name = Release;
		};
		E7E60E8C2C4DFFAE0052F77B /* Debug */ = {
			isa = XCBuildConfiguration;
			buildSettings = {
				ALWAYS_EMBED_SWIFT_STANDARD_LIBRARIES = YES;
				CODE_SIGN_STYLE = Automatic;
				CURRENT_PROJECT_VERSION = 1;
				DEVELOPMENT_TEAM = MD5RF7QUZF;
				GENERATE_INFOPLIST_FILE = YES;
				MARKETING_VERSION = 1.0;
				PRODUCT_BUNDLE_IDENTIFIER = com.onju.MandleUITests;
				PRODUCT_NAME = "$(TARGET_NAME)";
				SWIFT_EMIT_LOC_STRINGS = NO;
				SWIFT_VERSION = 5.0;
				TARGETED_DEVICE_FAMILY = "1,2";
				TEST_TARGET_NAME = Mandle;
			};
			name = Debug;
		};
		E7E60E8D2C4DFFAE0052F77B /* Release */ = {
			isa = XCBuildConfiguration;
			buildSettings = {
				ALWAYS_EMBED_SWIFT_STANDARD_LIBRARIES = YES;
				CODE_SIGN_STYLE = Automatic;
				CURRENT_PROJECT_VERSION = 1;
				DEVELOPMENT_TEAM = MD5RF7QUZF;
				GENERATE_INFOPLIST_FILE = YES;
				MARKETING_VERSION = 1.0;
				PRODUCT_BUNDLE_IDENTIFIER = com.onju.MandleUITests;
				PRODUCT_NAME = "$(TARGET_NAME)";
				SWIFT_EMIT_LOC_STRINGS = NO;
				SWIFT_VERSION = 5.0;
				TARGETED_DEVICE_FAMILY = "1,2";
				TEST_TARGET_NAME = Mandle;
			};
			name = Release;
		};
/* End XCBuildConfiguration section */

/* Begin XCConfigurationList section */
		E7E60E5C2C4DFF710052F77B /* Build configuration list for PBXProject "Mandle" */ = {
			isa = XCConfigurationList;
			buildConfigurations = (
				E7E60E832C4DFFAE0052F77B /* Debug */,
				E7E60E842C4DFFAE0052F77B /* Release */,
			);
			defaultConfigurationIsVisible = 0;
			defaultConfigurationName = Release;
		};
		E7E60E852C4DFFAE0052F77B /* Build configuration list for PBXNativeTarget "Mandle" */ = {
			isa = XCConfigurationList;
			buildConfigurations = (
				E7E60E862C4DFFAE0052F77B /* Debug */,
				E7E60E872C4DFFAE0052F77B /* Release */,
			);
			defaultConfigurationIsVisible = 0;
			defaultConfigurationName = Release;
		};
		E7E60E882C4DFFAE0052F77B /* Build configuration list for PBXNativeTarget "MandleTests" */ = {
			isa = XCConfigurationList;
			buildConfigurations = (
				E7E60E892C4DFFAE0052F77B /* Debug */,
				E7E60E8A2C4DFFAE0052F77B /* Release */,
			);
			defaultConfigurationIsVisible = 0;
			defaultConfigurationName = Release;
		};
		E7E60E8B2C4DFFAE0052F77B /* Build configuration list for PBXNativeTarget "MandleUITests" */ = {
			isa = XCConfigurationList;
			buildConfigurations = (
				E7E60E8C2C4DFFAE0052F77B /* Debug */,
				E7E60E8D2C4DFFAE0052F77B /* Release */,
			);
			defaultConfigurationIsVisible = 0;
			defaultConfigurationName = Release;
		};
/* End XCConfigurationList section */
	};
	rootObject = E7E60E592C4DFF710052F77B /* Project object */;
}
